// !$*UTF8*$!
{
	archiveVersion = 1;
	classes = {
	};
	objectVersion = 46;
	objects = {

/* Begin PBXBuildFile section */
		1A1024CE1B54DFD2000B0321 /* main.m in Sources */ = {isa = PBXBuildFile; fileRef = 1A1024CD1B54DFD2000B0321 /* main.m */; };
		1A1024D11B54DFD2000B0321 /* AppDelegate.m in Sources */ = {isa = PBXBuildFile; fileRef = 1A1024D01B54DFD2000B0321 /* AppDelegate.m */; };
		1A1024D41B54DFD2000B0321 /* ViewController.m in Sources */ = {isa = PBXBuildFile; fileRef = 1A1024D31B54DFD2000B0321 /* ViewController.m */; };
		1A1024D71B54DFD2000B0321 /* Main.storyboard in Resources */ = {isa = PBXBuildFile; fileRef = 1A1024D51B54DFD2000B0321 /* Main.storyboard */; };
		1A1024D91B54DFD2000B0321 /* Images.xcassets in Resources */ = {isa = PBXBuildFile; fileRef = 1A1024D81B54DFD2000B0321 /* Images.xcassets */; };
		1A1024DC1B54DFD2000B0321 /* LaunchScreen.xib in Resources */ = {isa = PBXBuildFile; fileRef = 1A1024DA1B54DFD2000B0321 /* LaunchScreen.xib */; };
		1A1024E81B54DFD2000B0321 /* _____Tests.m in Sources */ = {isa = PBXBuildFile; fileRef = 1A1024E71B54DFD2000B0321 /* _____Tests.m */; };
		1A1024F31B54E11A000B0321 /* QunrButton.m in Sources */ = {isa = PBXBuildFile; fileRef = 1A1024F21B54E11A000B0321 /* QunrButton.m */; };
		1A1024F51B54E3F9000B0321 /* icon.png in Resources */ = {isa = PBXBuildFile; fileRef = 1A1024F41B54E3F9000B0321 /* icon.png */; };
		1A1024F71B54E7E0000B0321 /* qunr.png in Resources */ = {isa = PBXBuildFile; fileRef = 1A1024F61B54E7E0000B0321 /* qunr.png */; };
		1A1024FB1B550E5D000B0321 /* zw.png in Resources */ = {isa = PBXBuildFile; fileRef = 1A1024FA1B550E5D000B0321 /* zw.png */; };
		1A224BEF1B789EF000F95502 /* zw副本.png in Resources */ = {isa = PBXBuildFile; fileRef = 1A224BEE1B789EF000F95502 /* zw副本.png */; };
/* End PBXBuildFile section */

/* Begin PBXContainerItemProxy section */
		1A1024E21B54DFD2000B0321 /* PBXContainerItemProxy */ = {
			isa = PBXContainerItemProxy;
			containerPortal = 1A1024C01B54DFD2000B0321 /* Project object */;
			proxyType = 1;
			remoteGlobalIDString = 1A1024C71B54DFD2000B0321;
			remoteInfo = "去哪儿按钮";
		};
/* End PBXContainerItemProxy section */

/* Begin PBXFileReference section */
		1A1024C81B54DFD2000B0321 /* 去哪儿按钮.app */ = {isa = PBXFileReference; explicitFileType = wrapper.application; includeInIndex = 0; path = "去哪儿按钮.app"; sourceTree = BUILT_PRODUCTS_DIR; };
		1A1024CC1B54DFD2000B0321 /* Info.plist */ = {isa = PBXFileReference; lastKnownFileType = text.plist.xml; path = Info.plist; sourceTree = "<group>"; };
		1A1024CD1B54DFD2000B0321 /* main.m */ = {isa = PBXFileReference; lastKnownFileType = sourcecode.c.objc; path = main.m; sourceTree = "<group>"; };
		1A1024CF1B54DFD2000B0321 /* AppDelegate.h */ = {isa = PBXFileReference; lastKnownFileType = sourcecode.c.h; path = AppDelegate.h; sourceTree = "<group>"; };
		1A1024D01B54DFD2000B0321 /* AppDelegate.m */ = {isa = PBXFileReference; lastKnownFileType = sourcecode.c.objc; path = AppDelegate.m; sourceTree = "<group>"; };
		1A1024D21B54DFD2000B0321 /* ViewController.h */ = {isa = PBXFileReference; lastKnownFileType = sourcecode.c.h; path = ViewController.h; sourceTree = "<group>"; };
		1A1024D31B54DFD2000B0321 /* ViewController.m */ = {isa = PBXFileReference; lastKnownFileType = sourcecode.c.objc; path = ViewController.m; sourceTree = "<group>"; };
		1A1024D61B54DFD2000B0321 /* Base */ = {isa = PBXFileReference; lastKnownFileType = file.storyboard; name = Base; path = Base.lproj/Main.storyboard; sourceTree = "<group>"; };
		1A1024D81B54DFD2000B0321 /* Images.xcassets */ = {isa = PBXFileReference; lastKnownFileType = folder.assetcatalog; path = Images.xcassets; sourceTree = "<group>"; };
		1A1024DB1B54DFD2000B0321 /* Base */ = {isa = PBXFileReference; lastKnownFileType = file.xib; name = Base; path = Base.lproj/LaunchScreen.xib; sourceTree = "<group>"; };
		1A1024E11B54DFD2000B0321 /* 去哪儿按钮Tests.xctest */ = {isa = PBXFileReference; explicitFileType = wrapper.cfbundle; includeInIndex = 0; path = "去哪儿按钮Tests.xctest"; sourceTree = BUILT_PRODUCTS_DIR; };
		1A1024E61B54DFD2000B0321 /* Info.plist */ = {isa = PBXFileReference; lastKnownFileType = text.plist.xml; path = Info.plist; sourceTree = "<group>"; };
		1A1024E71B54DFD2000B0321 /* _____Tests.m */ = {isa = PBXFileReference; lastKnownFileType = sourcecode.c.objc; path = "_____Tests.m"; sourceTree = "<group>"; };
		1A1024F11B54E11A000B0321 /* QunrButton.h */ = {isa = PBXFileReference; fileEncoding = 4; lastKnownFileType = sourcecode.c.h; path = QunrButton.h; sourceTree = "<group>"; };
		1A1024F21B54E11A000B0321 /* QunrButton.m */ = {isa = PBXFileReference; fileEncoding = 4; lastKnownFileType = sourcecode.c.objc; path = QunrButton.m; sourceTree = "<group>"; };
		1A1024F41B54E3F9000B0321 /* icon.png */ = {isa = PBXFileReference; lastKnownFileType = image.png; path = icon.png; sourceTree = "<group>"; };
		1A1024F61B54E7E0000B0321 /* qunr.png */ = {isa = PBXFileReference; lastKnownFileType = image.png; path = qunr.png; sourceTree = "<group>"; };
		1A1024FA1B550E5D000B0321 /* zw.png */ = {isa = PBXFileReference; lastKnownFileType = image.png; path = zw.png; sourceTree = "<group>"; };
		1A224BEE1B789EF000F95502 /* zw副本.png */ = {isa = PBXFileReference; lastKnownFileType = image.png; path = "zw副本.png"; sourceTree = "<group>"; };
/* End PBXFileReference section */

/* Begin PBXFrameworksBuildPhase section */
		1A1024C51B54DFD2000B0321 /* Frameworks */ = {
			isa = PBXFrameworksBuildPhase;
			buildActionMask = 2147483647;
			files = (
			);
			runOnlyForDeploymentPostprocessing = 0;
		};
		1A1024DE1B54DFD2000B0321 /* Frameworks */ = {
			isa = PBXFrameworksBuildPhase;
			buildActionMask = 2147483647;
			files = (
			);
			runOnlyForDeploymentPostprocessing = 0;
		};
/* End PBXFrameworksBuildPhase section */

/* Begin PBXGroup section */
		1A1024BF1B54DFD2000B0321 = {
			isa = PBXGroup;
			children = (
				1A1024CA1B54DFD2000B0321 /* 去哪儿按钮 */,
				1A1024E41B54DFD2000B0321 /* 去哪儿按钮Tests */,
				1A1024C91B54DFD2000B0321 /* Products */,
			);
			sourceTree = "<group>";
		};
		1A1024C91B54DFD2000B0321 /* Products */ = {
			isa = PBXGroup;
			children = (
				1A1024C81B54DFD2000B0321 /* 去哪儿按钮.app */,
				1A1024E11B54DFD2000B0321 /* 去哪儿按钮Tests.xctest */,
			);
			name = Products;
			sourceTree = "<group>";
		};
		1A1024CA1B54DFD2000B0321 /* 去哪儿按钮 */ = {
			isa = PBXGroup;
			children = (
				1A1024F11B54E11A000B0321 /* QunrButton.h */,
				1A1024F21B54E11A000B0321 /* QunrButton.m */,
				1A1024CF1B54DFD2000B0321 /* AppDelegate.h */,
				1A1024D01B54DFD2000B0321 /* AppDelegate.m */,
				1A1024D21B54DFD2000B0321 /* ViewController.h */,
				1A1024D31B54DFD2000B0321 /* ViewController.m */,
				1A1024D51B54DFD2000B0321 /* Main.storyboard */,
				1A1024F61B54E7E0000B0321 /* qunr.png */,
				1A1024FA1B550E5D000B0321 /* zw.png */,
				1A224BEE1B789EF000F95502 /* zw副本.png */,
				1A1024F41B54E3F9000B0321 /* icon.png */,
				1A1024D81B54DFD2000B0321 /* Images.xcassets */,
				1A1024DA1B54DFD2000B0321 /* LaunchScreen.xib */,
				1A1024CB1B54DFD2000B0321 /* Supporting Files */,
			);
			path = "去哪儿按钮";
			sourceTree = "<group>";
		};
		1A1024CB1B54DFD2000B0321 /* Supporting Files */ = {
			isa = PBXGroup;
			children = (
				1A1024CC1B54DFD2000B0321 /* Info.plist */,
				1A1024CD1B54DFD2000B0321 /* main.m */,
			);
			name = "Supporting Files";
			sourceTree = "<group>";
		};
		1A1024E41B54DFD2000B0321 /* 去哪儿按钮Tests */ = {
			isa = PBXGroup;
			children = (
				1A1024E71B54DFD2000B0321 /* _____Tests.m */,
				1A1024E51B54DFD2000B0321 /* Supporting Files */,
			);
			path = "去哪儿按钮Tests";
			sourceTree = "<group>";
		};
		1A1024E51B54DFD2000B0321 /* Supporting Files */ = {
			isa = PBXGroup;
			children = (
				1A1024E61B54DFD2000B0321 /* Info.plist */,
			);
			name = "Supporting Files";
			sourceTree = "<group>";
		};
/* End PBXGroup section */

/* Begin PBXNativeTarget section */
		1A1024C71B54DFD2000B0321 /* 去哪儿按钮 */ = {
			isa = PBXNativeTarget;
			buildConfigurationList = 1A1024EB1B54DFD2000B0321 /* Build configuration list for PBXNativeTarget "去哪儿按钮" */;
			buildPhases = (
				1A1024C41B54DFD2000B0321 /* Sources */,
				1A1024C51B54DFD2000B0321 /* Frameworks */,
				1A1024C61B54DFD2000B0321 /* Resources */,
			);
			buildRules = (
			);
			dependencies = (
			);
			name = "去哪儿按钮";
			productName = "去哪儿按钮";
			productReference = 1A1024C81B54DFD2000B0321 /* 去哪儿按钮.app */;
			productType = "com.apple.product-type.application";
		};
		1A1024E01B54DFD2000B0321 /* 去哪儿按钮Tests */ = {
			isa = PBXNativeTarget;
			buildConfigurationList = 1A1024EE1B54DFD2000B0321 /* Build configuration list for PBXNativeTarget "去哪儿按钮Tests" */;
			buildPhases = (
				1A1024DD1B54DFD2000B0321 /* Sources */,
				1A1024DE1B54DFD2000B0321 /* Frameworks */,
				1A1024DF1B54DFD2000B0321 /* Resources */,
			);
			buildRules = (
			);
			dependencies = (
				1A1024E31B54DFD2000B0321 /* PBXTargetDependency */,
			);
			name = "去哪儿按钮Tests";
			productName = "去哪儿按钮Tests";
			productReference = 1A1024E11B54DFD2000B0321 /* 去哪儿按钮Tests.xctest */;
			productType = "com.apple.product-type.bundle.unit-test";
		};
/* End PBXNativeTarget section */

/* Begin PBXProject section */
		1A1024C01B54DFD2000B0321 /* Project object */ = {
			isa = PBXProject;
			attributes = {
				LastUpgradeCheck = 0630;
				ORGANIZATIONNAME = hxyxt;
				TargetAttributes = {
					1A1024C71B54DFD2000B0321 = {
						CreatedOnToolsVersion = 6.3.2;
					};
					1A1024E01B54DFD2000B0321 = {
						CreatedOnToolsVersion = 6.3.2;
						TestTargetID = 1A1024C71B54DFD2000B0321;
					};
				};
			};
			buildConfigurationList = 1A1024C31B54DFD2000B0321 /* Build configuration list for PBXProject "去哪儿按钮" */;
			compatibilityVersion = "Xcode 3.2";
			developmentRegion = English;
			hasScannedForEncodings = 0;
			knownRegions = (
				en,
				Base,
			);
			mainGroup = 1A1024BF1B54DFD2000B0321;
			productRefGroup = 1A1024C91B54DFD2000B0321 /* Products */;
			projectDirPath = "";
			projectRoot = "";
			targets = (
				1A1024C71B54DFD2000B0321 /* 去哪儿按钮 */,
				1A1024E01B54DFD2000B0321 /* 去哪儿按钮Tests */,
			);
		};
/* End PBXProject section */

/* Begin PBXResourcesBuildPhase section */
		1A1024C61B54DFD2000B0321 /* Resources */ = {
			isa = PBXResourcesBuildPhase;
			buildActionMask = 2147483647;
			files = (
				1A224BEF1B789EF000F95502 /* zw副本.png in Resources */,
				1A1024D71B54DFD2000B0321 /* Main.storyboard in Resources */,
				1A1024FB1B550E5D000B0321 /* zw.png in Resources */,
				1A1024F51B54E3F9000B0321 /* icon.png in Resources */,
				1A1024DC1B54DFD2000B0321 /* LaunchScreen.xib in Resources */,
				1A1024D91B54DFD2000B0321 /* Images.xcassets in Resources */,
				1A1024F71B54E7E0000B0321 /* qunr.png in Resources */,
			);
			runOnlyForDeploymentPostprocessing = 0;
		};
		1A1024DF1B54DFD2000B0321 /* Resources */ = {
			isa = PBXResourcesBuildPhase;
			buildActionMask = 2147483647;
			files = (
			);
			runOnlyForDeploymentPostprocessing = 0;
		};
/* End PBXResourcesBuildPhase section */

/* Begin PBXSourcesBuildPhase section */
		1A1024C41B54DFD2000B0321 /* Sources */ = {
			isa = PBXSourcesBuildPhase;
			buildActionMask = 2147483647;
			files = (
				1A1024D41B54DFD2000B0321 /* ViewController.m in Sources */,
				1A1024D11B54DFD2000B0321 /* AppDelegate.m in Sources */,
				1A1024CE1B54DFD2000B0321 /* main.m in Sources */,
				1A1024F31B54E11A000B0321 /* QunrButton.m in Sources */,
			);
			runOnlyForDeploymentPostprocessing = 0;
		};
		1A1024DD1B54DFD2000B0321 /* Sources */ = {
			isa = PBXSourcesBuildPhase;
			buildActionMask = 2147483647;
			files = (
				1A1024E81B54DFD2000B0321 /* _____Tests.m in Sources */,
			);
			runOnlyForDeploymentPostprocessing = 0;
		};
/* End PBXSourcesBuildPhase section */

/* Begin PBXTargetDependency section */
		1A1024E31B54DFD2000B0321 /* PBXTargetDependency */ = {
			isa = PBXTargetDependency;
			target = 1A1024C71B54DFD2000B0321 /* 去哪儿按钮 */;
			targetProxy = 1A1024E21B54DFD2000B0321 /* PBXContainerItemProxy */;
		};
/* End PBXTargetDependency section */

/* Begin PBXVariantGroup section */
		1A1024D51B54DFD2000B0321 /* Main.storyboard */ = {
			isa = PBXVariantGroup;
			children = (
				1A1024D61B54DFD2000B0321 /* Base */,
			);
			name = Main.storyboard;
			sourceTree = "<group>";
		};
		1A1024DA1B54DFD2000B0321 /* LaunchScreen.xib */ = {
			isa = PBXVariantGroup;
			children = (
				1A1024DB1B54DFD2000B0321 /* Base */,
			);
			name = LaunchScreen.xib;
			sourceTree = "<group>";
		};
/* End PBXVariantGroup section */

/* Begin XCBuildConfiguration section */
		1A1024E91B54DFD2000B0321 /* Debug */ = {
			isa = XCBuildConfiguration;
			buildSettings = {
				ALWAYS_SEARCH_USER_PATHS = NO;
				CLANG_CXX_LANGUAGE_STANDARD = "gnu++0x";
				CLANG_CXX_LIBRARY = "libc++";
				CLANG_ENABLE_MODULES = YES;
				CLANG_ENABLE_OBJC_ARC = YES;
				CLANG_WARN_BOOL_CONVERSION = YES;
				CLANG_WARN_CONSTANT_CONVERSION = YES;
				CLANG_WARN_DIRECT_OBJC_ISA_USAGE = YES_ERROR;
				CLANG_WARN_EMPTY_BODY = YES;
				CLANG_WARN_ENUM_CONVERSION = YES;
				CLANG_WARN_INT_CONVERSION = YES;
				CLANG_WARN_OBJC_ROOT_CLASS = YES_ERROR;
				CLANG_WARN_UNREACHABLE_CODE = YES;
				CLANG_WARN__DUPLICATE_METHOD_MATCH = YES;
				"CODE_SIGN_IDENTITY[sdk=iphoneos*]" = "iPhone Developer";
				COPY_PHASE_STRIP = NO;
				DEBUG_INFORMATION_FORMAT = "dwarf-with-dsym";
				ENABLE_STRICT_OBJC_MSGSEND = YES;
				GCC_C_LANGUAGE_STANDARD = gnu99;
				GCC_DYNAMIC_NO_PIC = NO;
				GCC_NO_COMMON_BLOCKS = YES;
				GCC_OPTIMIZATION_LEVEL = 0;
				GCC_PREPROCESSOR_DEFINITIONS = (
					"DEBUG=1",
					"$(inherited)",
				);
				GCC_SYMBOLS_PRIVATE_EXTERN = NO;
				GCC_WARN_64_TO_32_BIT_CONVERSION = YES;
				GCC_WARN_ABOUT_RETURN_TYPE = YES_ERROR;
				GCC_WARN_UNDECLARED_SELECTOR = YES;
				GCC_WARN_UNINITIALIZED_AUTOS = YES_AGGRESSIVE;
				GCC_WARN_UNUSED_FUNCTION = YES;
				GCC_WARN_UNUSED_VARIABLE = YES;
				IPHONEOS_DEPLOYMENT_TARGET = 8.3;
				MTL_ENABLE_DEBUG_INFO = YES;
				ONLY_ACTIVE_ARCH = YES;
				SDKROOT = iphoneos;
				TARGETED_DEVICE_FAMILY = "1,2";
			};
			name = Debug;
		};
		1A1024EA1B54DFD2000B0321 /* Release */ = {
			isa = XCBuildConfiguration;
			buildSettings = {
				ALWAYS_SEARCH_USER_PATHS = NO;
				CLANG_CXX_LANGUAGE_STANDARD = "gnu++0x";
				CLANG_CXX_LIBRARY = "libc++";
				CLANG_ENABLE_MODULES = YES;
				CLANG_ENABLE_OBJC_ARC = YES;
				CLANG_WARN_BOOL_CONVERSION = YES;
				CLANG_WARN_CONSTANT_CONVERSION = YES;
				CLANG_WARN_DIRECT_OBJC_ISA_USAGE = YES_ERROR;
				CLANG_WARN_EMPTY_BODY = YES;
				CLANG_WARN_ENUM_CONVERSION = YES;
				CLANG_WARN_INT_CONVERSION = YES;
				CLANG_WARN_OBJC_ROOT_CLASS = YES_ERROR;
				CLANG_WARN_UNREACHABLE_CODE = YES;
				CLANG_WARN__DUPLICATE_METHOD_MATCH = YES;
				"CODE_SIGN_IDENTITY[sdk=iphoneos*]" = "iPhone Developer";
				COPY_PHASE_STRIP = NO;
				DEBUG_INFORMATION_FORMAT = "dwarf-with-dsym";
				ENABLE_NS_ASSERTIONS = NO;
				ENABLE_STRICT_OBJC_MSGSEND = YES;
				GCC_C_LANGUAGE_STANDARD = gnu99;
				GCC_NO_COMMON_BLOCKS = YES;
				GCC_WARN_64_TO_32_BIT_CONVERSION = YES;
				GCC_WARN_ABOUT_RETURN_TYPE = YES_ERROR;
				GCC_WARN_UNDECLARED_SELECTOR = YES;
				GCC_WARN_UNINITIALIZED_AUTOS = YES_AGGRESSIVE;
				GCC_WARN_UNUSED_FUNCTION = YES;
				GCC_WARN_UNUSED_VARIABLE = YES;
				IPHONEOS_DEPLOYMENT_TARGET = 8.3;
				MTL_ENABLE_DEBUG_INFO = NO;
				SDKROOT = iphoneos;
				TARGETED_DEVICE_FAMILY = "1,2";
				VALIDATE_PRODUCT = YES;
			};
			name = Release;
		};
		1A1024EC1B54DFD2000B0321 /* Debug */ = {
			isa = XCBuildConfiguration;
			buildSettings = {
				ASSETCATALOG_COMPILER_APPICON_NAME = AppIcon;
				INFOPLIST_FILE = "去哪儿按钮/Info.plist";
				LD_RUNPATH_SEARCH_PATHS = "$(inherited) @executable_path/Frameworks";
				PRODUCT_NAME = "$(TARGET_NAME)";
			};
			name = Debug;
		};
		1A1024ED1B54DFD2000B0321 /* Release */ = {
			isa = XCBuildConfiguration;
			buildSettings = {
				ASSETCATALOG_COMPILER_APPICON_NAME = AppIcon;
				INFOPLIST_FILE = "去哪儿按钮/Info.plist";
				LD_RUNPATH_SEARCH_PATHS = "$(inherited) @executable_path/Frameworks";
				PRODUCT_NAME = "$(TARGET_NAME)";
			};
			name = Release;
		};
		1A1024EF1B54DFD2000B0321 /* Debug */ = {
			isa = XCBuildConfiguration;
			buildSettings = {
				BUNDLE_LOADER = "$(TEST_HOST)";
				FRAMEWORK_SEARCH_PATHS = (
					"$(SDKROOT)/Developer/Library/Frameworks",
					"$(inherited)",
				);
				GCC_PREPROCESSOR_DEFINITIONS = (
					"DEBUG=1",
					"$(inherited)",
				);
				INFOPLIST_FILE = "去哪儿按钮Tests/Info.plist";
				LD_RUNPATH_SEARCH_PATHS = "$(inherited) @executable_path/Frameworks @loader_path/Frameworks";
				PRODUCT_NAME = "$(TARGET_NAME)";
				TEST_HOST = "$(BUILT_PRODUCTS_DIR)/去哪儿按钮.app/去哪儿按钮";
			};
			name = Debug;
		};
		1A1024F01B54DFD2000B0321 /* Release */ = {
			isa = XCBuildConfiguration;
			buildSettings = {
				BUNDLE_LOADER = "$(TEST_HOST)";
				FRAMEWORK_SEARCH_PATHS = (
					"$(SDKROOT)/Developer/Library/Frameworks",
					"$(inherited)",
				);
				INFOPLIST_FILE = "去哪儿按钮Tests/Info.plist";
				LD_RUNPATH_SEARCH_PATHS = "$(inherited) @executable_path/Frameworks @loader_path/Frameworks";
				PRODUCT_NAME = "$(TARGET_NAME)";
				TEST_HOST = "$(BUILT_PRODUCTS_DIR)/去哪儿按钮.app/去哪儿按钮";
			};
			name = Release;
		};
/* End XCBuildConfiguration section */

/* Begin XCConfigurationList section */
		1A1024C31B54DFD2000B0321 /* Build configuration list for PBXProject "去哪儿按钮" */ = {
			isa = XCConfigurationList;
			buildConfigurations = (
				1A1024E91B54DFD2000B0321 /* Debug */,
				1A1024EA1B54DFD2000B0321 /* Release */,
			);
			defaultConfigurationIsVisible = 0;
			defaultConfigurationName = Release;
		};
		1A1024EB1B54DFD2000B0321 /* Build configuration list for PBXNativeTarget "去哪儿按钮" */ = {
			isa = XCConfigurationList;
			buildConfigurations = (
				1A1024EC1B54DFD2000B0321 /* Debug */,
				1A1024ED1B54DFD2000B0321 /* Release */,
			);
			defaultConfigurationIsVisible = 0;
			defaultConfigurationName = Release;
		};
		1A1024EE1B54DFD2000B0321 /* Build configuration list for PBXNativeTarget "去哪儿按钮Tests" */ = {
			isa = XCConfigurationList;
			buildConfigurations = (
				1A1024EF1B54DFD2000B0321 /* Debug */,
				1A1024F01B54DFD2000B0321 /* Release */,
			);
			defaultConfigurationIsVisible = 0;
			defaultConfigurationName = Release;
		};
/* End XCConfigurationList section */
	};
	rootObject = 1A1024C01B54DFD2000B0321 /* Project object */;
}
